// !$*UTF8*$!
{
	archiveVersion = 1;
	classes = {
	};
	objectVersion = 77;
	objects = {

/* Begin PBXBuildFile section */
		2743D9EB2F4C515900A7114D /* MobileVLCKit in Frameworks */ = {isa = PBXBuildFile; productRef = CC0000022F3FA4BE00000002 /* MobileVLCKit */; };
		AA000000000000000000000D /* ShareExtension.appex in Embed Foundation Extensions */ = {isa = PBXBuildFile; fileRef = AA0000010000000000000001 /* ShareExtension.appex */; settings = {ATTRIBUTES = (RemoveHeadersOnCopy, ); }; };
/* End PBXBuildFile section */

/* Begin PBXContainerItemProxy section */
		27D79B262F3FA4C100E87BCA /* PBXContainerItemProxy */ = {
			isa = PBXContainerItemProxy;
			containerPortal = 27D79B0E2F3FA4BE00E87BCA /* Project object */;
			proxyType = 1;
			remoteGlobalIDString = 27D79B152F3FA4BE00E87BCA;
			remoteInfo = TAClient;
		};
		27D79B302F3FA4C100E87BCA /* PBXContainerItemProxy */ = {
			isa = PBXContainerItemProxy;
			containerPortal = 27D79B0E2F3FA4BE00E87BCA /* Project object */;
			proxyType = 1;
			remoteGlobalIDString = 27D79B152F3FA4BE00E87BCA;
			remoteInfo = TAClient;
		};
		AA000000000000000000000B /* PBXContainerItemProxy */ = {
			isa = PBXContainerItemProxy;
			containerPortal = 27D79B0E2F3FA4BE00E87BCA /* Project object */;
			proxyType = 1;
			remoteGlobalIDString = AA0000060000000000000006;
			remoteInfo = ShareExtension;
		};
/* End PBXContainerItemProxy section */

/* Begin PBXCopyFilesBuildPhase section */
		AA000000000000000000000A /* Embed Foundation Extensions */ = {
			isa = PBXCopyFilesBuildPhase;
			buildActionMask = 2147483647;
			dstPath = "";
			dstSubfolderSpec = 13;
			files = (
				AA000000000000000000000D /* ShareExtension.appex in Embed Foundation Extensions */,
			);
			name = "Embed Foundation Extensions";
			runOnlyForDeploymentPostprocessing = 0;
		};
/* End PBXCopyFilesBuildPhase section */

/* Begin PBXFileReference section */
		27D79B162F3FA4BE00E87BCA /* TAClient.app */ = {isa = PBXFileReference; explicitFileType = wrapper.application; includeInIndex = 0; path = TAClient.app; sourceTree = BUILT_PRODUCTS_DIR; };
		27D79B252F3FA4C100E87BCA /* TAClientTests.xctest */ = {isa = PBXFileReference; explicitFileType = wrapper.cfbundle; includeInIndex = 0; path = TAClientTests.xctest; sourceTree = BUILT_PRODUCTS_DIR; };
		27D79B2F2F3FA4C100E87BCA /* TAClientUITests.xctest */ = {isa = PBXFileReference; explicitFileType = wrapper.cfbundle; includeInIndex = 0; path = TAClientUITests.xctest; sourceTree = BUILT_PRODUCTS_DIR; };
		AA0000010000000000000001 /* ShareExtension.appex */ = {isa = PBXFileReference; explicitFileType = "wrapper.app-extension"; includeInIndex = 0; path = ShareExtension.appex; sourceTree = BUILT_PRODUCTS_DIR; };
/* End PBXFileReference section */

/* Begin PBXFileSystemSynchronizedBuildFileExceptionSet section */
		AA00000E000000000000000E /* Exceptions for "ShareExtension" folder in "ShareExtension" target */ = {
			isa = PBXFileSystemSynchronizedBuildFileExceptionSet;
			membershipExceptions = (
				Info.plist,
			);
			target = AA0000060000000000000006 /* ShareExtension */;
		};
		AA00000F000000000000000F /* Exceptions for "TAClient" folder in "TAClient" target */ = {
			isa = PBXFileSystemSynchronizedBuildFileExceptionSet;
			membershipExceptions = (
				Info.plist,
			);
			target = 27D79B152F3FA4BE00E87BCA /* TAClient */;
		};
/* End PBXFileSystemSynchronizedBuildFileExceptionSet section */

/* Begin PBXFileSystemSynchronizedRootGroup section */
		27D79B182F3FA4BE00E87BCA /* TAClient */ = {
			isa = PBXFileSystemSynchronizedRootGroup;
			exceptions = (
				AA00000F000000000000000F /* Exceptions for "TAClient" folder in "TAClient" target */,
			);
			path = TAClient;
			sourceTree = "<group>";
		};
		27D79B282F3FA4C100E87BCA /* TAClientTests */ = {
			isa = PBXFileSystemSynchronizedRootGroup;
			path = TAClientTests;
			sourceTree = "<group>";
		};
		27D79B322F3FA4C100E87BCA /* TAClientUITests */ = {
			isa = PBXFileSystemSynchronizedRootGroup;
			path = TAClientUITests;
			sourceTree = "<group>";
		};
		AA0000020000000000000002 /* ShareExtension */ = {
			isa = PBXFileSystemSynchronizedRootGroup;
			exceptions = (
				AA00000E000000000000000E /* Exceptions for "ShareExtension" folder in "ShareExtension" target */,
			);
			path = ShareExtension;
			sourceTree = "<group>";
		};
/* End PBXFileSystemSynchronizedRootGroup section */

/* Begin PBXFrameworksBuildPhase section */
		27D79B132F3FA4BE00E87BCA /* Frameworks */ = {
			isa = PBXFrameworksBuildPhase;
			buildActionMask = 2147483647;
			files = (
				2743D9EB2F4C515900A7114D /* MobileVLCKit in Frameworks */,
			);
			runOnlyForDeploymentPostprocessing = 0;
		};
		27D79B222F3FA4C100E87BCA /* Frameworks */ = {
			isa = PBXFrameworksBuildPhase;
			buildActionMask = 2147483647;
			files = (
			);
			runOnlyForDeploymentPostprocessing = 0;
		};
		27D79B2C2F3FA4C100E87BCA /* Frameworks */ = {
			isa = PBXFrameworksBuildPhase;
			buildActionMask = 2147483647;
			files = (
			);
			runOnlyForDeploymentPostprocessing = 0;
		};
		AA0000040000000000000004 /* Frameworks */ = {
			isa = PBXFrameworksBuildPhase;
			buildActionMask = 2147483647;
			files = (
			);
			runOnlyForDeploymentPostprocessing = 0;
		};
/* End PBXFrameworksBuildPhase section */

/* Begin PBXGroup section */
		27D79B0D2F3FA4BE00E87BCA = {
			isa = PBXGroup;
			children = (
				27D79B182F3FA4BE00E87BCA /* TAClient */,
				27D79B282F3FA4C100E87BCA /* TAClientTests */,
				27D79B322F3FA4C100E87BCA /* TAClientUITests */,
				AA0000020000000000000002 /* ShareExtension */,
				27D79B172F3FA4BE00E87BCA /* Products */,
			);
			sourceTree = "<group>";
		};
		27D79B172F3FA4BE00E87BCA /* Products */ = {
			isa = PBXGroup;
			children = (
				27D79B162F3FA4BE00E87BCA /* TAClient.app */,
				27D79B252F3FA4C100E87BCA /* TAClientTests.xctest */,
				27D79B2F2F3FA4C100E87BCA /* TAClientUITests.xctest */,
				AA0000010000000000000001 /* ShareExtension.appex */,
			);
			name = Products;
			sourceTree = "<group>";
		};
/* End PBXGroup section */

/* Begin PBXNativeTarget section */
		27D79B152F3FA4BE00E87BCA /* TAClient */ = {
			isa = PBXNativeTarget;
			buildConfigurationList = 27D79B392F3FA4C100E87BCA /* Build configuration list for PBXNativeTarget "TAClient" */;
			buildPhases = (
				27D79B122F3FA4BE00E87BCA /* Sources */,
				27D79B132F3FA4BE00E87BCA /* Frameworks */,
				27D79B142F3FA4BE00E87BCA /* Resources */,
				AA000000000000000000000A /* Embed Foundation Extensions */,
			);
			buildRules = (
			);
			dependencies = (
				AA000000000000000000000C /* PBXTargetDependency */,
			);
			fileSystemSynchronizedGroups = (
				27D79B182F3FA4BE00E87BCA /* TAClient */,
			);
			name = TAClient;
			packageProductDependencies = (
				CC0000022F3FA4BE00000002 /* MobileVLCKit */,
			);
			productName = TAClient;
			productReference = 27D79B162F3FA4BE00E87BCA /* TAClient.app */;
			productType = "com.apple.product-type.application";
		};
		27D79B242F3FA4C100E87BCA /* TAClientTests */ = {
			isa = PBXNativeTarget;
			buildConfigurationList = 27D79B3C2F3FA4C100E87BCA /* Build configuration list for PBXNativeTarget "TAClientTests" */;
			buildPhases = (
				27D79B212F3FA4C100E87BCA /* Sources */,
				27D79B222F3FA4C100E87BCA /* Frameworks */,
				27D79B232F3FA4C100E87BCA /* Resources */,
			);
			buildRules = (
			);
			dependencies = (
				27D79B272F3FA4C100E87BCA /* PBXTargetDependency */,
			);
			fileSystemSynchronizedGroups = (
				27D79B282F3FA4C100E87BCA /* TAClientTests */,
			);
			name = TAClientTests;
			packageProductDependencies = (
			);
			productName = TAClientTests;
			productReference = 27D79B252F3FA4C100E87BCA /* TAClientTests.xctest */;
			productType = "com.apple.product-type.bundle.unit-test";
		};
		27D79B2E2F3FA4C100E87BCA /* TAClientUITests */ = {
			isa = PBXNativeTarget;
			buildConfigurationList = 27D79B3F2F3FA4C100E87BCA /* Build configuration list for PBXNativeTarget "TAClientUITests" */;
			buildPhases = (
				27D79B2B2F3FA4C100E87BCA /* Sources */,
				27D79B2C2F3FA4C100E87BCA /* Frameworks */,
				27D79B2D2F3FA4C100E87BCA /* Resources */,
			);
			buildRules = (
			);
			dependencies = (
				27D79B312F3FA4C100E87BCA /* PBXTargetDependency */,
			);
			fileSystemSynchronizedGroups = (
				27D79B322F3FA4C100E87BCA /* TAClientUITests */,
			);
			name = TAClientUITests;
			packageProductDependencies = (
			);
			productName = TAClientUITests;
			productReference = 27D79B2F2F3FA4C100E87BCA /* TAClientUITests.xctest */;
			productType = "com.apple.product-type.bundle.ui-testing";
		};
		AA0000060000000000000006 /* ShareExtension */ = {
			isa = PBXNativeTarget;
			buildConfigurationList = AA0000090000000000000009 /* Build configuration list for PBXNativeTarget "ShareExtension" */;
			buildPhases = (
				AA0000030000000000000003 /* Sources */,
				AA0000040000000000000004 /* Frameworks */,
				AA0000050000000000000005 /* Resources */,
			);
			buildRules = (
			);
			dependencies = (
			);
			fileSystemSynchronizedGroups = (
				AA0000020000000000000002 /* ShareExtension */,
			);
			name = ShareExtension;
			packageProductDependencies = (
			);
			productName = ShareExtension;
			productReference = AA0000010000000000000001 /* ShareExtension.appex */;
			productType = "com.apple.product-type.app-extension";
		};
/* End PBXNativeTarget section */

/* Begin PBXProject section */
		27D79B0E2F3FA4BE00E87BCA /* Project object */ = {
			isa = PBXProject;
			attributes = {
				BuildIndependentTargetsInParallel = 1;
				LastSwiftUpdateCheck = 2620;
				LastUpgradeCheck = 2630;
				TargetAttributes = {
					27D79B152F3FA4BE00E87BCA = {
						CreatedOnToolsVersion = 26.2;
					};
					27D79B242F3FA4C100E87BCA = {
						CreatedOnToolsVersion = 26.2;
						TestTargetID = 27D79B152F3FA4BE00E87BCA;
					};
					27D79B2E2F3FA4C100E87BCA = {
						CreatedOnToolsVersion = 26.2;
						TestTargetID = 27D79B152F3FA4BE00E87BCA;
					};
					AA0000060000000000000006 = {
						CreatedOnToolsVersion = 26.2;
					};
				};
			};
			buildConfigurationList = 27D79B112F3FA4BE00E87BCA /* Build configuration list for PBXProject "TAClient" */;
			developmentRegion = en;
			hasScannedForEncodings = 0;
			knownRegions = (
				en,
				Base,
			);
			mainGroup = 27D79B0D2F3FA4BE00E87BCA;
			minimizedProjectReferenceProxies = 1;
			packageReferences = (
				CC0000012F3FA4BE00000001 /* XCRemoteSwiftPackageReference "MobileVLCKit-SPM" */,
			);
			preferredProjectObjectVersion = 77;
			productRefGroup = 27D79B172F3FA4BE00E87BCA /* Products */;
			projectDirPath = "";
			projectRoot = "";
			targets = (
				27D79B152F3FA4BE00E87BCA /* TAClient */,
				27D79B242F3FA4C100E87BCA /* TAClientTests */,
				27D79B2E2F3FA4C100E87BCA /* TAClientUITests */,
				AA0000060000000000000006 /* ShareExtension */,
			);
		};
/* End PBXProject section */

/* Begin PBXResourcesBuildPhase section */
		27D79B142F3FA4BE00E87BCA /* Resources */ = {
			isa = PBXResourcesBuildPhase;
			buildActionMask = 2147483647;
			files = (
			);
			runOnlyForDeploymentPostprocessing = 0;
		};
		27D79B232F3FA4C100E87BCA /* Resources */ = {
			isa = PBXResourcesBuildPhase;
			buildActionMask = 2147483647;
			files = (
			);
			runOnlyForDeploymentPostprocessing = 0;
		};
		27D79B2D2F3FA4C100E87BCA /* Resources */ = {
			isa = PBXResourcesBuildPhase;
			buildActionMask = 2147483647;
			files = (
			);
			runOnlyForDeploymentPostprocessing = 0;
		};
		AA0000050000000000000005 /* Resources */ = {
			isa = PBXResourcesBuildPhase;
			buildActionMask = 2147483647;
			files = (
			);
			runOnlyForDeploymentPostprocessing = 0;
		};
/* End PBXResourcesBuildPhase section */

/* Begin PBXSourcesBuildPhase section */
		27D79B122F3FA4BE00E87BCA /* Sources */ = {
			isa = PBXSourcesBuildPhase;
			buildActionMask = 2147483647;
			files = (
			);
			runOnlyForDeploymentPostprocessing = 0;
		};
		27D79B212F3FA4C100E87BCA /* Sources */ = {
			isa = PBXSourcesBuildPhase;
			buildActionMask = 2147483647;
			files = (
			);
			runOnlyForDeploymentPostprocessing = 0;
		};
		27D79B2B2F3FA4C100E87BCA /* Sources */ = {
			isa = PBXSourcesBuildPhase;
			buildActionMask = 2147483647;
			files = (
			);
			runOnlyForDeploymentPostprocessing = 0;
		};
		AA0000030000000000000003 /* Sources */ = {
			isa = PBXSourcesBuildPhase;
			buildActionMask = 2147483647;
			files = (
			);
			runOnlyForDeploymentPostprocessing = 0;
		};
/* End PBXSourcesBuildPhase section */

/* Begin PBXTargetDependency section */
		27D79B272F3FA4C100E87BCA /* PBXTargetDependency */ = {
			isa = PBXTargetDependency;
			target = 27D79B152F3FA4BE00E87BCA /* TAClient */;
			targetProxy = 27D79B262F3FA4C100E87BCA /* PBXContainerItemProxy */;
		};
		27D79B312F3FA4C100E87BCA /* PBXTargetDependency */ = {
			isa = PBXTargetDependency;
			target = 27D79B152F3FA4BE00E87BCA /* TAClient */;
			targetProxy = 27D79B302F3FA4C100E87BCA /* PBXContainerItemProxy */;
		};
		AA000000000000000000000C /* PBXTargetDependency */ = {
			isa = PBXTargetDependency;
			target = AA0000060000000000000006 /* ShareExtension */;
			targetProxy = AA000000000000000000000B /* PBXContainerItemProxy */;
		};
/* End PBXTargetDependency section */

/* Begin XCBuildConfiguration section */
		27D79B372F3FA4C100E87BCA /* Debug */ = {
			isa = XCBuildConfiguration;
			buildSettings = {
				ALWAYS_SEARCH_USER_PATHS = NO;
				ASSETCATALOG_COMPILER_GENERATE_SWIFT_ASSET_SYMBOL_EXTENSIONS = YES;
				CLANG_ANALYZER_NONNULL = YES;
				CLANG_ANALYZER_NUMBER_OBJECT_CONVERSION = YES_AGGRESSIVE;
				CLANG_CXX_LANGUAGE_STANDARD = "gnu++20";
				CLANG_ENABLE_MODULES = YES;
				CLANG_ENABLE_OBJC_ARC = YES;
				CLANG_ENABLE_OBJC_WEAK = YES;
				CLANG_WARN_BLOCK_CAPTURE_AUTORELEASING = YES;
				CLANG_WARN_BOOL_CONVERSION = YES;
				CLANG_WARN_COMMA = YES;
				CLANG_WARN_CONSTANT_CONVERSION = YES;
				CLANG_WARN_DEPRECATED_OBJC_IMPLEMENTATIONS = YES;
				CLANG_WARN_DIRECT_OBJC_ISA_USAGE = YES_ERROR;
				CLANG_WARN_DOCUMENTATION_COMMENTS = YES;
				CLANG_WARN_EMPTY_BODY = YES;
				CLANG_WARN_ENUM_CONVERSION = YES;
				CLANG_WARN_INFINITE_RECURSION = YES;
				CLANG_WARN_INT_CONVERSION = YES;
				CLANG_WARN_NON_LITERAL_NULL_CONVERSION = YES;
				CLANG_WARN_OBJC_IMPLICIT_RETAIN_SELF = YES;
				CLANG_WARN_OBJC_LITERAL_CONVERSION = YES;
				CLANG_WARN_OBJC_ROOT_CLASS = YES_ERROR;
				CLANG_WARN_QUOTED_INCLUDE_IN_FRAMEWORK_HEADER = YES;
				CLANG_WARN_RANGE_LOOP_ANALYSIS = YES;
				CLANG_WARN_STRICT_PROTOTYPES = YES;
				CLANG_WARN_SUSPICIOUS_MOVE = YES;
				CLANG_WARN_UNGUARDED_AVAILABILITY = YES_AGGRESSIVE;
				CLANG_WARN_UNREACHABLE_CODE = YES;
				CLANG_WARN__DUPLICATE_METHOD_MATCH = YES;
				COPY_PHASE_STRIP = NO;
				DEBUG_INFORMATION_FORMAT = dwarf;
				DEVELOPMENT_TEAM = LUZS336ZHP;
				ENABLE_STRICT_OBJC_MSGSEND = YES;
				ENABLE_TESTABILITY = YES;
				ENABLE_USER_SCRIPT_SANDBOXING = YES;
				GCC_C_LANGUAGE_STANDARD = gnu17;
				GCC_DYNAMIC_NO_PIC = NO;
				GCC_NO_COMMON_BLOCKS = YES;
				GCC_OPTIMIZATION_LEVEL = 0;
				GCC_PREPROCESSOR_DEFINITIONS = (
					"DEBUG=1",
					"$(inherited)",
				);
				GCC_WARN_64_TO_32_BIT_CONVERSION = YES;
				GCC_WARN_ABOUT_RETURN_TYPE = YES_ERROR;
				GCC_WARN_UNDECLARED_SELECTOR = YES;
				GCC_WARN_UNINITIALIZED_AUTOS = YES_AGGRESSIVE;
				GCC_WARN_UNUSED_FUNCTION = YES;
				GCC_WARN_UNUSED_VARIABLE = YES;
				IPHONEOS_DEPLOYMENT_TARGET = 17.0;
				LOCALIZATION_PREFERS_STRING_CATALOGS = YES;
				MTL_ENABLE_DEBUG_INFO = INCLUDE_SOURCE;
				MTL_FAST_MATH = YES;
				ONLY_ACTIVE_ARCH = YES;
				SDKROOT = iphoneos;
				STRING_CATALOG_GENERATE_SYMBOLS = YES;
				SWIFT_ACTIVE_COMPILATION_CONDITIONS = "DEBUG $(inherited)";
				SWIFT_OPTIMIZATION_LEVEL = "-Onone";
			};
			name = Debug;
		};
		27D79B382F3FA4C100E87BCA /* Release */ = {
			isa = XCBuildConfiguration;
			buildSettings = {
				ALWAYS_SEARCH_USER_PATHS = NO;
				ASSETCATALOG_COMPILER_GENERATE_SWIFT_ASSET_SYMBOL_EXTENSIONS = YES;
				CLANG_ANALYZER_NONNULL = YES;
				CLANG_ANALYZER_NUMBER_OBJECT_CONVERSION = YES_AGGRESSIVE;
				CLANG_CXX_LANGUAGE_STANDARD = "gnu++20";
				CLANG_ENABLE_MODULES = YES;
				CLANG_ENABLE_OBJC_ARC = YES;
				CLANG_ENABLE_OBJC_WEAK = YES;
				CLANG_WARN_BLOCK_CAPTURE_AUTORELEASING = YES;
				CLANG_WARN_BOOL_CONVERSION = YES;
				CLANG_WARN_COMMA = YES;
				CLANG_WARN_CONSTANT_CONVERSION = YES;
				CLANG_WARN_DEPRECATED_OBJC_IMPLEMENTATIONS = YES;
				CLANG_WARN_DIRECT_OBJC_ISA_USAGE = YES_ERROR;
				CLANG_WARN_DOCUMENTATION_COMMENTS = YES;
				CLANG_WARN_EMPTY_BODY = YES;
				CLANG_WARN_ENUM_CONVERSION = YES;
				CLANG_WARN_INFINITE_RECURSION = YES;
				CLANG_WARN_INT_CONVERSION = YES;
				CLANG_WARN_NON_LITERAL_NULL_CONVERSION = YES;
				CLANG_WARN_OBJC_IMPLICIT_RETAIN_SELF = YES;
				CLANG_WARN_OBJC_LITERAL_CONVERSION = YES;
				CLANG_WARN_OBJC_ROOT_CLASS = YES_ERROR;
				CLANG_WARN_QUOTED_INCLUDE_IN_FRAMEWORK_HEADER = YES;
				CLANG_WARN_RANGE_LOOP_ANALYSIS = YES;
				CLANG_WARN_STRICT_PROTOTYPES = YES;
				CLANG_WARN_SUSPICIOUS_MOVE = YES;
				CLANG_WARN_UNGUARDED_AVAILABILITY = YES_AGGRESSIVE;
				CLANG_WARN_UNREACHABLE_CODE = YES;
				CLANG_WARN__DUPLICATE_METHOD_MATCH = YES;
				COPY_PHASE_STRIP = NO;
				DEBUG_INFORMATION_FORMAT = "dwarf-with-dsym";
				DEVELOPMENT_TEAM = LUZS336ZHP;
				ENABLE_NS_ASSERTIONS = NO;
				ENABLE_STRICT_OBJC_MSGSEND = YES;
				ENABLE_USER_SCRIPT_SANDBOXING = YES;
				GCC_C_LANGUAGE_STANDARD = gnu17;
				GCC_NO_COMMON_BLOCKS = YES;
				GCC_WARN_64_TO_32_BIT_CONVERSION = YES;
				GCC_WARN_ABOUT_RETURN_TYPE = YES_ERROR;
				GCC_WARN_UNDECLARED_SELECTOR = YES;
				GCC_WARN_UNINITIALIZED_AUTOS = YES_AGGRESSIVE;
				GCC_WARN_UNUSED_FUNCTION = YES;
				GCC_WARN_UNUSED_VARIABLE = YES;
				IPHONEOS_DEPLOYMENT_TARGET = 17.0;
				LOCALIZATION_PREFERS_STRING_CATALOGS = YES;
				MTL_ENABLE_DEBUG_INFO = NO;
				MTL_FAST_MATH = YES;
				SDKROOT = iphoneos;
				STRING_CATALOG_GENERATE_SYMBOLS = YES;
				SWIFT_COMPILATION_MODE = wholemodule;
				VALIDATE_PRODUCT = YES;
			};
			name = Release;
		};
		27D79B3A2F3FA4C100E87BCA /* Debug */ = {
			isa = XCBuildConfiguration;
			buildSettings = {
				ASSETCATALOG_COMPILER_APPICON_NAME = AppIcon;
				ASSETCATALOG_COMPILER_GLOBAL_ACCENT_COLOR_NAME = AccentColor;
				CODE_SIGN_ENTITLEMENTS = TAClient/TAClient.entitlements;
				CODE_SIGN_STYLE = Automatic;
				CURRENT_PROJECT_VERSION = 7;
				DEVELOPMENT_TEAM = LUZS336ZHP;
				ENABLE_PREVIEWS = YES;
				GENERATE_INFOPLIST_FILE = YES;
				INFOPLIST_FILE = TAClient/Info.plist;
				INFOPLIST_KEY_CFBundleDisplayName = "TA Client";
				INFOPLIST_KEY_UIApplicationSceneManifest_Generation = YES;
				INFOPLIST_KEY_UIApplicationSupportsIndirectInputEvents = YES;
				INFOPLIST_KEY_UILaunchScreen_Generation = YES;
				INFOPLIST_KEY_UISupportedInterfaceOrientations_iPad = "UIInterfaceOrientationPortrait UIInterfaceOrientationPortraitUpsideDown UIInterfaceOrientationLandscapeLeft UIInterfaceOrientationLandscapeRight";
				INFOPLIST_KEY_UISupportedInterfaceOrientations_iPhone = "UIInterfaceOrientationPortrait UIInterfaceOrientationLandscapeLeft UIInterfaceOrientationLandscapeRight";
				LD_RUNPATH_SEARCH_PATHS = (
					"$(inherited)",
					"@executable_path/Frameworks",
				);
				MARKETING_VERSION = 1.0.0;
				PRODUCT_BUNDLE_IDENTIFIER = com.jacobcampbell.ta-client;
				PRODUCT_NAME = "$(TARGET_NAME)";
				STRING_CATALOG_GENERATE_SYMBOLS = YES;
				SWIFT_APPROACHABLE_CONCURRENCY = YES;
				SWIFT_DEFAULT_ACTOR_ISOLATION = MainActor;
				SWIFT_EMIT_LOC_STRINGS = YES;
				SWIFT_UPCOMING_FEATURE_MEMBER_IMPORT_VISIBILITY = YES;
				SWIFT_VERSION = 5.0;
				TARGETED_DEVICE_FAMILY = "1,2";
			};
			name = Debug;
		};
		27D79B3B2F3FA4C100E87BCA /* Release */ = {
			isa = XCBuildConfiguration;
			buildSettings = {
				ASSETCATALOG_COMPILER_APPICON_NAME = AppIcon;
				ASSETCATALOG_COMPILER_GLOBAL_ACCENT_COLOR_NAME = AccentColor;
				CODE_SIGN_ENTITLEMENTS = TAClient/TAClient.entitlements;
				CODE_SIGN_STYLE = Manual;
				CODE_SIGN_IDENTITY = "Apple Distribution";
				PROVISIONING_PROFILE_SPECIFIER = "TA Client App Store";
				CURRENT_PROJECT_VERSION = 7;
				DEVELOPMENT_TEAM = LUZS336ZHP;
				ENABLE_PREVIEWS = YES;
				GENERATE_INFOPLIST_FILE = YES;
				INFOPLIST_FILE = TAClient/Info.plist;
				INFOPLIST_KEY_CFBundleDisplayName = "TA Client";
				INFOPLIST_KEY_UIApplicationSceneManifest_Generation = YES;
				INFOPLIST_KEY_UIApplicationSupportsIndirectInputEvents = YES;
				INFOPLIST_KEY_UILaunchScreen_Generation = YES;
				INFOPLIST_KEY_UISupportedInterfaceOrientations_iPad = "UIInterfaceOrientationPortrait UIInterfaceOrientationPortraitUpsideDown UIInterfaceOrientationLandscapeLeft UIInterfaceOrientationLandscapeRight";
				INFOPLIST_KEY_UISupportedInterfaceOrientations_iPhone = "UIInterfaceOrientationPortrait UIInterfaceOrientationLandscapeLeft UIInterfaceOrientationLandscapeRight";
				LD_RUNPATH_SEARCH_PATHS = (
					"$(inherited)",
					"@executable_path/Frameworks",
				);
				MARKETING_VERSION = 1.0.0;
				PRODUCT_BUNDLE_IDENTIFIER = com.jacobcampbell.ta-client;
				PRODUCT_NAME = "$(TARGET_NAME)";
				STRING_CATALOG_GENERATE_SYMBOLS = YES;
				SWIFT_APPROACHABLE_CONCURRENCY = YES;
				SWIFT_DEFAULT_ACTOR_ISOLATION = MainActor;
				SWIFT_EMIT_LOC_STRINGS = YES;
				SWIFT_UPCOMING_FEATURE_MEMBER_IMPORT_VISIBILITY = YES;
				SWIFT_VERSION = 5.0;
				TARGETED_DEVICE_FAMILY = "1,2";
			};
			name = Release;
		};
		27D79B3D2F3FA4C100E87BCA /* Debug */ = {
			isa = XCBuildConfiguration;
			buildSettings = {
				BUNDLE_LOADER = "$(TEST_HOST)";
				CODE_SIGN_STYLE = Automatic;
				CURRENT_PROJECT_VERSION = 1;
				DEVELOPMENT_TEAM = LUZS336ZHP;
				GENERATE_INFOPLIST_FILE = YES;
				IPHONEOS_DEPLOYMENT_TARGET = 17.0;
				MARKETING_VERSION = 0.9.0;
				PRODUCT_BUNDLE_IDENTIFIER = com.jacobcampbell.ta-client.Tests;
				PRODUCT_NAME = "$(TARGET_NAME)";
				STRING_CATALOG_GENERATE_SYMBOLS = NO;
				SWIFT_APPROACHABLE_CONCURRENCY = YES;
				SWIFT_EMIT_LOC_STRINGS = NO;
				SWIFT_UPCOMING_FEATURE_MEMBER_IMPORT_VISIBILITY = YES;
				SWIFT_VERSION = 5.0;
				TARGETED_DEVICE_FAMILY = "1,2";
				TEST_HOST = "$(BUILT_PRODUCTS_DIR)/TAClient.app/$(BUNDLE_EXECUTABLE_FOLDER_PATH)/TAClient";
			};
			name = Debug;
		};
		27D79B3E2F3FA4C100E87BCA /* Release */ = {
			isa = XCBuildConfiguration;
			buildSettings = {
				BUNDLE_LOADER = "$(TEST_HOST)";
				CODE_SIGN_STYLE = Automatic;
				CURRENT_PROJECT_VERSION = 1;
				DEVELOPMENT_TEAM = LUZS336ZHP;
				GENERATE_INFOPLIST_FILE = YES;
				IPHONEOS_DEPLOYMENT_TARGET = 17.0;
				MARKETING_VERSION = 0.9.0;
				PRODUCT_BUNDLE_IDENTIFIER = com.jacobcampbell.ta-client.Tests;
				PRODUCT_NAME = "$(TARGET_NAME)";
				STRING_CATALOG_GENERATE_SYMBOLS = NO;
				SWIFT_APPROACHABLE_CONCURRENCY = YES;
				SWIFT_EMIT_LOC_STRINGS = NO;
				SWIFT_UPCOMING_FEATURE_MEMBER_IMPORT_VISIBILITY = YES;
				SWIFT_VERSION = 5.0;
				TARGETED_DEVICE_FAMILY = "1,2";
				TEST_HOST = "$(BUILT_PRODUCTS_DIR)/TAClient.app/$(BUNDLE_EXECUTABLE_FOLDER_PATH)/TAClient";
			};
			name = Release;
		};
		27D79B402F3FA4C100E87BCA /* Debug */ = {
			isa = XCBuildConfiguration;
			buildSettings = {
				CODE_SIGN_STYLE = Automatic;
				CURRENT_PROJECT_VERSION = 1;
				DEVELOPMENT_TEAM = LUZS336ZHP;
				GENERATE_INFOPLIST_FILE = YES;
				MARKETING_VERSION = 0.9.0;
				PRODUCT_BUNDLE_IDENTIFIER = com.jacobcampbell.ta-client.UITests;
				PRODUCT_NAME = "$(TARGET_NAME)";
				STRING_CATALOG_GENERATE_SYMBOLS = NO;
				SWIFT_APPROACHABLE_CONCURRENCY = YES;
				SWIFT_EMIT_LOC_STRINGS = NO;
				SWIFT_UPCOMING_FEATURE_MEMBER_IMPORT_VISIBILITY = YES;
				SWIFT_VERSION = 5.0;
				TARGETED_DEVICE_FAMILY = "1,2";
				TEST_TARGET_NAME = TAClient;
			};
			name = Debug;
		};
		27D79B412F3FA4C100E87BCA /* Release */ = {
			isa = XCBuildConfiguration;
			buildSettings = {
				CODE_SIGN_STYLE = Automatic;
				CURRENT_PROJECT_VERSION = 1;
				DEVELOPMENT_TEAM = LUZS336ZHP;
				GENERATE_INFOPLIST_FILE = YES;
				MARKETING_VERSION = 0.9.0;
				PRODUCT_BUNDLE_IDENTIFIER = com.jacobcampbell.ta-client.UITests;
				PRODUCT_NAME = "$(TARGET_NAME)";
				STRING_CATALOG_GENERATE_SYMBOLS = NO;
				SWIFT_APPROACHABLE_CONCURRENCY = YES;
				SWIFT_EMIT_LOC_STRINGS = NO;
				SWIFT_UPCOMING_FEATURE_MEMBER_IMPORT_VISIBILITY = YES;
				SWIFT_VERSION = 5.0;
				TARGETED_DEVICE_FAMILY = "1,2";
				TEST_TARGET_NAME = TAClient;
			};
			name = Release;
		};
		AA0000070000000000000007 /* Debug */ = {
			isa = XCBuildConfiguration;
			buildSettings = {
				CODE_SIGN_ENTITLEMENTS = ShareExtension/ShareExtension.entitlements;
				CODE_SIGN_STYLE = Automatic;
				CURRENT_PROJECT_VERSION = 7;
				DEVELOPMENT_TEAM = LUZS336ZHP;
				GENERATE_INFOPLIST_FILE = NO;
				INFOPLIST_FILE = ShareExtension/Info.plist;
				IPHONEOS_DEPLOYMENT_TARGET = 17.0;
				LD_RUNPATH_SEARCH_PATHS = (
					"$(inherited)",
					"@executable_path/Frameworks",
					"@executable_path/../../Frameworks",
				);
				MARKETING_VERSION = 1.0.0;
				PRODUCT_BUNDLE_IDENTIFIER = com.jacobcampbell.ta-client.ShareExtension;
				PRODUCT_NAME = "$(TARGET_NAME)";
				SKIP_INSTALL = YES;
				SWIFT_APPROACHABLE_CONCURRENCY = YES;
				SWIFT_DEFAULT_ACTOR_ISOLATION = MainActor;
				SWIFT_EMIT_LOC_STRINGS = YES;
				SWIFT_UPCOMING_FEATURE_MEMBER_IMPORT_VISIBILITY = YES;
				SWIFT_VERSION = 5.0;
				TARGETED_DEVICE_FAMILY = "1,2";
			};
			name = Debug;
		};
		AA0000080000000000000008 /* Release */ = {
			isa = XCBuildConfiguration;
			buildSettings = {
				CODE_SIGN_ENTITLEMENTS = ShareExtension/ShareExtension.entitlements;
				CODE_SIGN_STYLE = Manual;
				CODE_SIGN_IDENTITY = "Apple Distribution";
				PROVISIONING_PROFILE_SPECIFIER = "TA Client Share Extension App Store";
				CURRENT_PROJECT_VERSION = 7;
				DEVELOPMENT_TEAM = LUZS336ZHP;
				GENERATE_INFOPLIST_FILE = NO;
				INFOPLIST_FILE = ShareExtension/Info.plist;
				IPHONEOS_DEPLOYMENT_TARGET = 17.0;
				LD_RUNPATH_SEARCH_PATHS = (
					"$(inherited)",
					"@executable_path/Frameworks",
					"@executable_path/../../Frameworks",
				);
				MARKETING_VERSION = 1.0.0;
				PRODUCT_BUNDLE_IDENTIFIER = com.jacobcampbell.ta-client.ShareExtension;
				PRODUCT_NAME = "$(TARGET_NAME)";
				SKIP_INSTALL = YES;
				SWIFT_APPROACHABLE_CONCURRENCY = YES;
				SWIFT_DEFAULT_ACTOR_ISOLATION = MainActor;
				SWIFT_EMIT_LOC_STRINGS = YES;
				SWIFT_UPCOMING_FEATURE_MEMBER_IMPORT_VISIBILITY = YES;
				SWIFT_VERSION = 5.0;
				TARGETED_DEVICE_FAMILY = "1,2";
			};
			name = Release;
		};
/* End XCBuildConfiguration section */

/* Begin XCConfigurationList section */
		27D79B112F3FA4BE00E87BCA /* Build configuration list for PBXProject "TAClient" */ = {
			isa = XCConfigurationList;
			buildConfigurations = (
				27D79B372F3FA4C100E87BCA /* Debug */,
				27D79B382F3FA4C100E87BCA /* Release */,
			);
			defaultConfigurationIsVisible = 0;
			defaultConfigurationName = Release;
		};
		27D79B392F3FA4C100E87BCA /* Build configuration list for PBXNativeTarget "TAClient" */ = {
			isa = XCConfigurationList;
			buildConfigurations = (
				27D79B3A2F3FA4C100E87BCA /* Debug */,
				27D79B3B2F3FA4C100E87BCA /* Release */,
			);
			defaultConfigurationIsVisible = 0;
			defaultConfigurationName = Release;
		};
		27D79B3C2F3FA4C100E87BCA /* Build configuration list for PBXNativeTarget "TAClientTests" */ = {
			isa = XCConfigurationList;
			buildConfigurations = (
				27D79B3D2F3FA4C100E87BCA /* Debug */,
				27D79B3E2F3FA4C100E87BCA /* Release */,
			);
			defaultConfigurationIsVisible = 0;
			defaultConfigurationName = Release;
		};
		27D79B3F2F3FA4C100E87BCA /* Build configuration list for PBXNativeTarget "TAClientUITests" */ = {
			isa = XCConfigurationList;
			buildConfigurations = (
				27D79B402F3FA4C100E87BCA /* Debug */,
				27D79B412F3FA4C100E87BCA /* Release */,
			);
			defaultConfigurationIsVisible = 0;
			defaultConfigurationName = Release;
		};
		AA0000090000000000000009 /* Build configuration list for PBXNativeTarget "ShareExtension" */ = {
			isa = XCConfigurationList;
			buildConfigurations = (
				AA0000070000000000000007 /* Debug */,
				AA0000080000000000000008 /* Release */,
			);
			defaultConfigurationIsVisible = 0;
			defaultConfigurationName = Release;
		};
/* End XCConfigurationList section */

/* Begin XCRemoteSwiftPackageReference section */
		CC0000012F3FA4BE00000001 /* XCRemoteSwiftPackageReference "MobileVLCKit-SPM" */ = {
			isa = XCRemoteSwiftPackageReference;
			repositoryURL = "https://github.com/MobileVLCKit-SPM/MobileVLCKit-SPM";
			requirement = {
				kind = exactVersion;
				version = 3.7.3;
			};
		};
/* End XCRemoteSwiftPackageReference section */

/* Begin XCSwiftPackageProductDependency section */
		CC0000022F3FA4BE00000002 /* MobileVLCKit */ = {
			isa = XCSwiftPackageProductDependency;
			package = CC0000012F3FA4BE00000001 /* XCRemoteSwiftPackageReference "MobileVLCKit-SPM" */;
			productName = MobileVLCKit;
		};
/* End XCSwiftPackageProductDependency section */
	};
	rootObject = 27D79B0E2F3FA4BE00E87BCA /* Project object */;
}
